
Microsoft Visual Studio Solution File, Format Version 12.00
# Visual Studio Version 17
VisualStudioVersion = 17.4.33205.214
MinimumVisualStudioVersion = 10.0.40219.1
Project("{FAE04EC0-301F-11D3-BF4B-00C04F79EFBC}") = "Auto_koltsegek", "Auto_koltsegek\Auto_koltsegek.csproj", "{7BB5E2BD-311A-4C77-BB09-CB86A9CD69A8}"
EndProject
Global
	GlobalSection(SolutionConfigurationPlatforms) = preSolution
		Debug|Any CPU = Debug|Any CPU
		Release|Any CPU = Release|Any CPU
	EndGlobalSection
	GlobalSection(ProjectConfigurationPlatforms) = postSolution
		{7BB5E2BD-311A-4C77-BB09-CB86A9CD69A8}.Debug|Any CPU.ActiveCfg = Debug|Any CPU
		{7BB5E2BD-311A-4C77-BB09-CB86A9CD69A8}.Debug|Any CPU.Build.0 = Debug|Any CPU
		{7BB5E2BD-311A-4C77-BB09-CB86A9CD69A8}.Release|Any CPU.ActiveCfg = Release|Any CPU
		{7BB5E2BD-311A-4C77-BB09-CB86A9CD69A8}.Release|Any CPU.Build.0 = Release|Any CPU
	EndGlobalSection
	GlobalSection(SolutionProperties) = preSolution
		HideSolutionNode = FALSE
	EndGlobalSection
	GlobalSection(ExtensibilityGlobals) = postSolution
		SolutionGuid = {7BF56A34-46DC-4EAE-8E15-12AD3F0F80A6}
	EndGlobalSection
EndGlobal
